
Microsoft Visual Studio Solution File, Format Version 12.00
# Visual Studio Version 17
VisualStudioVersion = 17.5.33502.453
MinimumVisualStudioVersion = 10.0.40219.1
Project("{FAE04EC0-301F-11D3-BF4B-00C04F79EFBC}") = "Zadanie6Algorytmy", "Zadanie6Algorytmy.csproj", "{31452243-1736-491A-A614-FC92FC1ABCC3}"
EndProject
Global
	GlobalSection(SolutionConfigurationPlatforms) = preSolution
		Debug|Any CPU = Debug|Any CPU
		Release|Any CPU = Release|Any CPU
	EndGlobalSection
	GlobalSection(ProjectConfigurationPlatforms) = postSolution
		{31452243-1736-491A-A614-FC92FC1ABCC3}.Debug|Any CPU.ActiveCfg = Debug|Any CPU
		{31452243-1736-491A-A614-FC92FC1ABCC3}.Debug|Any CPU.Build.0 = Debug|Any CPU
		{31452243-1736-491A-A614-FC92FC1ABCC3}.Release|Any CPU.ActiveCfg = Release|Any CPU
		{31452243-1736-491A-A614-FC92FC1ABCC3}.Release|Any CPU.Build.0 = Release|Any CPU
	EndGlobalSection
	GlobalSection(SolutionProperties) = preSolution
		HideSolutionNode = FALSE
	EndGlobalSection
	GlobalSection(ExtensibilityGlobals) = postSolution
		SolutionGuid = {71B7A9BA-619E-4126-A49F-279C874FD7BD}
	EndGlobalSection
EndGlobal
